
Microsoft Visual Studio Solution File, Format Version 12.00
# Visual Studio Version 17
VisualStudioVersion = 17.12.35527.113 d17.12
MinimumVisualStudioVersion = 10.0.40219.1
Project("{2150E333-8FDC-42A3-9474-1A3956D46DE8}") = "src", "src", "{1E30EE0B-82D7-4487-B875-81C450930156}"
EndProject
Project("{2150E333-8FDC-42A3-9474-1A3956D46DE8}") = "tests", "tests", "{A249935D-A40E-4169-8BB3-DEE69A33DA09}"
EndProject
Project("{FAE04EC0-301F-11D3-BF4B-00C04F79EFBC}") = "Domain", "Domain\Domain.csproj", "{A9C7144D-A1E8-4312-BA32-38E4125F3E69}"
EndProject
Project("{FAE04EC0-301F-11D3-BF4B-00C04F79EFBC}") = "Application", "Application\Application.csproj", "{42AD271C-10D0-43C2-A41C-E0249D0B417D}"
EndProject
Project("{FAE04EC0-301F-11D3-BF4B-00C04F79EFBC}") = "Infrastructure", "Infrastructure\Infrastructure.csproj", "{7E248C71-E654-406F-B4DA-597D75DD0067}"
EndProject
Project("{FAE04EC0-301F-11D3-BF4B-00C04F79EFBC}") = "Api", "Api\Api.csproj", "{728D2231-20C5-4D22-8EC4-4D670B1F511F}"
EndProject
Global
	GlobalSection(SolutionConfigurationPlatforms) = preSolution
		Debug|Any CPU = Debug|Any CPU
		Release|Any CPU = Release|Any CPU
	EndGlobalSection
	GlobalSection(ProjectConfigurationPlatforms) = postSolution
		{A9C7144D-A1E8-4312-BA32-38E4125F3E69}.Debug|Any CPU.ActiveCfg = Debug|Any CPU
		{A9C7144D-A1E8-4312-BA32-38E4125F3E69}.Debug|Any CPU.Build.0 = Debug|Any CPU
		{A9C7144D-A1E8-4312-BA32-38E4125F3E69}.Release|Any CPU.ActiveCfg = Release|Any CPU
		{A9C7144D-A1E8-4312-BA32-38E4125F3E69}.Release|Any CPU.Build.0 = Release|Any CPU
		{42AD271C-10D0-43C2-A41C-E0249D0B417D}.Debug|Any CPU.ActiveCfg = Debug|Any CPU
		{42AD271C-10D0-43C2-A41C-E0249D0B417D}.Debug|Any CPU.Build.0 = Debug|Any CPU
		{42AD271C-10D0-43C2-A41C-E0249D0B417D}.Release|Any CPU.ActiveCfg = Release|Any CPU
		{42AD271C-10D0-43C2-A41C-E0249D0B417D}.Release|Any CPU.Build.0 = Release|Any CPU
		{7E248C71-E654-406F-B4DA-597D75DD0067}.Debug|Any CPU.ActiveCfg = Debug|Any CPU
		{7E248C71-E654-406F-B4DA-597D75DD0067}.Debug|Any CPU.Build.0 = Debug|Any CPU
		{7E248C71-E654-406F-B4DA-597D75DD0067}.Release|Any CPU.ActiveCfg = Release|Any CPU
		{7E248C71-E654-406F-B4DA-597D75DD0067}.Release|Any CPU.Build.0 = Release|Any CPU
		{728D2231-20C5-4D22-8EC4-4D670B1F511F}.Debug|Any CPU.ActiveCfg = Debug|Any CPU
		{728D2231-20C5-4D22-8EC4-4D670B1F511F}.Debug|Any CPU.Build.0 = Debug|Any CPU
		{728D2231-20C5-4D22-8EC4-4D670B1F511F}.Release|Any CPU.ActiveCfg = Release|Any CPU
		{728D2231-20C5-4D22-8EC4-4D670B1F511F}.Release|Any CPU.Build.0 = Release|Any CPU
	EndGlobalSection
	GlobalSection(SolutionProperties) = preSolution
		HideSolutionNode = FALSE
	EndGlobalSection
	GlobalSection(NestedProjects) = preSolution
		{A9C7144D-A1E8-4312-BA32-38E4125F3E69} = {1E30EE0B-82D7-4487-B875-81C450930156}
		{42AD271C-10D0-43C2-A41C-E0249D0B417D} = {1E30EE0B-82D7-4487-B875-81C450930156}
		{7E248C71-E654-406F-B4DA-597D75DD0067} = {1E30EE0B-82D7-4487-B875-81C450930156}
		{728D2231-20C5-4D22-8EC4-4D670B1F511F} = {1E30EE0B-82D7-4487-B875-81C450930156}
	EndGlobalSection
EndGlobal
